
Microsoft Visual Studio Solution File, Format Version 12.00
# Visual Studio 15
VisualStudioVersion = 15.0.27130.2024
MinimumVisualStudioVersion = 10.0.40219.1
Project("{FAE04EC0-301F-11D3-BF4B-00C04F79EFBC}") = "DataAccess", "DataAccess\DataAccess.csproj", "{D90553E3-CF4C-401A-B48D-00FF11985CE9}"
EndProject
Project("{FAE04EC0-301F-11D3-BF4B-00C04F79EFBC}") = "TechStore", "TechStore\TechStore.csproj", "{5475E23B-F323-4B0F-9E17-22340B9A7FFB}"
EndProject
Project("{FAE04EC0-301F-11D3-BF4B-00C04F79EFBC}") = "TechStore.Tests", "TechStore.Tests\TechStore.Tests.csproj", "{DE9D53EB-6162-4D74-B0F0-86D144C9D004}"
EndProject
Global
	GlobalSection(SolutionConfigurationPlatforms) = preSolution
		Debug|Any CPU = Debug|Any CPU
		Release|Any CPU = Release|Any CPU
	EndGlobalSection
	GlobalSection(ProjectConfigurationPlatforms) = postSolution
		{D90553E3-CF4C-401A-B48D-00FF11985CE9}.Debug|Any CPU.ActiveCfg = Debug|Any CPU
		{D90553E3-CF4C-401A-B48D-00FF11985CE9}.Debug|Any CPU.Build.0 = Debug|Any CPU
		{D90553E3-CF4C-401A-B48D-00FF11985CE9}.Release|Any CPU.ActiveCfg = Release|Any CPU
		{D90553E3-CF4C-401A-B48D-00FF11985CE9}.Release|Any CPU.Build.0 = Release|Any CPU
		{5475E23B-F323-4B0F-9E17-22340B9A7FFB}.Debug|Any CPU.ActiveCfg = Debug|Any CPU
		{5475E23B-F323-4B0F-9E17-22340B9A7FFB}.Debug|Any CPU.Build.0 = Debug|Any CPU
		{5475E23B-F323-4B0F-9E17-22340B9A7FFB}.Release|Any CPU.ActiveCfg = Release|Any CPU
		{5475E23B-F323-4B0F-9E17-22340B9A7FFB}.Release|Any CPU.Build.0 = Release|Any CPU
		{DE9D53EB-6162-4D74-B0F0-86D144C9D004}.Debug|Any CPU.ActiveCfg = Debug|Any CPU
		{DE9D53EB-6162-4D74-B0F0-86D144C9D004}.Debug|Any CPU.Build.0 = Debug|Any CPU
		{DE9D53EB-6162-4D74-B0F0-86D144C9D004}.Release|Any CPU.ActiveCfg = Release|Any CPU
		{DE9D53EB-6162-4D74-B0F0-86D144C9D004}.Release|Any CPU.Build.0 = Release|Any CPU
	EndGlobalSection
	GlobalSection(SolutionProperties) = preSolution
		HideSolutionNode = FALSE
	EndGlobalSection
	GlobalSection(ExtensibilityGlobals) = postSolution
		SolutionGuid = {B87BB5EE-9515-4762-9CC3-79728EDB1425}
	EndGlobalSection
EndGlobal
